
Microsoft Visual Studio Solution File, Format Version 12.00
# Visual Studio 15
VisualStudioVersion = 15.0.27703.2035
MinimumVisualStudioVersion = 10.0.40219.1
Project("{9A19103F-16F7-4668-BE54-9A1E7A4F7556}") = "PushServer.PushConfiguration.Abstractions", "PushConfiguration.Abstractions\PushServer.PushConfiguration.Abstractions.csproj", "{EBFCBEAC-25C3-4CF2-84D9-150EB6AD6826}"
EndProject
Project("{9A19103F-16F7-4668-BE54-9A1E7A4F7556}") = "PushServer.PushConfiguration.EntityFramework", "PushConfiguration.EntityFramework\PushServer.PushConfiguration.EntityFramework.csproj", "{7662D490-D8F5-4998-8293-A387BB7C1F15}"
EndProject
Project("{9A19103F-16F7-4668-BE54-9A1E7A4F7556}") = "PushServer", "PushServer\PushServer.csproj", "{6DE09154-2973-4A48-959D-CFC176861D3F}"
EndProject
Project("{9A19103F-16F7-4668-BE54-9A1E7A4F7556}") = "PushServer.Models", "PushServer.Models\PushServer.Models.csproj", "{16AD96AB-C439-4529-A35F-DD573F9BBC15}"
EndProject
Project("{9A19103F-16F7-4668-BE54-9A1E7A4F7556}") = "PushServer.AzureNotificationHub", "PushServer.AzureNotificationHub\PushServer.AzureNotificationHub.csproj", "{EBE77089-1116-44C2-9071-B00DA3BB62DA}"
EndProject
Project("{9A19103F-16F7-4668-BE54-9A1E7A4F7556}") = "PushServer.WebPush", "PushServer.WebPush\PushServer.WebPush.csproj", "{F29AE6D1-BBF2-4610-B35E-4F47AFDC2A09}"
EndProject
Project("{9A19103F-16F7-4668-BE54-9A1E7A4F7556}") = "PushServer.WebPushClientAdapter", "PushServer.WebPushClientAdapter\PushServer.WebPushClientAdapter.csproj", "{722786BE-8A61-45B4-8B03-0116FB3D70DE}"
EndProject
Project("{9A19103F-16F7-4668-BE54-9A1E7A4F7556}") = "PushServer.Abstractions", "PushServer.Abstractions\PushServer.Abstractions.csproj", "{0D1BCE5E-79FA-4A28-981A-80489C502B0B}"
EndProject
Project("{9A19103F-16F7-4668-BE54-9A1E7A4F7556}") = "PushServer.Firebase", "PushServer.Firebase\PushServer.Firebase.csproj", "{67168CB4-9469-4862-89B6-E185584684A3}"
EndProject
Global
	GlobalSection(SolutionConfigurationPlatforms) = preSolution
		Debug|Any CPU = Debug|Any CPU
		Release|Any CPU = Release|Any CPU
	EndGlobalSection
	GlobalSection(ProjectConfigurationPlatforms) = postSolution
		{EBFCBEAC-25C3-4CF2-84D9-150EB6AD6826}.Debug|Any CPU.ActiveCfg = Debug|Any CPU
		{EBFCBEAC-25C3-4CF2-84D9-150EB6AD6826}.Debug|Any CPU.Build.0 = Debug|Any CPU
		{EBFCBEAC-25C3-4CF2-84D9-150EB6AD6826}.Release|Any CPU.ActiveCfg = Release|Any CPU
		{EBFCBEAC-25C3-4CF2-84D9-150EB6AD6826}.Release|Any CPU.Build.0 = Release|Any CPU
		{7662D490-D8F5-4998-8293-A387BB7C1F15}.Debug|Any CPU.ActiveCfg = Debug|Any CPU
		{7662D490-D8F5-4998-8293-A387BB7C1F15}.Debug|Any CPU.Build.0 = Debug|Any CPU
		{7662D490-D8F5-4998-8293-A387BB7C1F15}.Release|Any CPU.ActiveCfg = Release|Any CPU
		{7662D490-D8F5-4998-8293-A387BB7C1F15}.Release|Any CPU.Build.0 = Release|Any CPU
		{6DE09154-2973-4A48-959D-CFC176861D3F}.Debug|Any CPU.ActiveCfg = Debug|Any CPU
		{6DE09154-2973-4A48-959D-CFC176861D3F}.Debug|Any CPU.Build.0 = Debug|Any CPU
		{6DE09154-2973-4A48-959D-CFC176861D3F}.Release|Any CPU.ActiveCfg = Release|Any CPU
		{6DE09154-2973-4A48-959D-CFC176861D3F}.Release|Any CPU.Build.0 = Release|Any CPU
		{16AD96AB-C439-4529-A35F-DD573F9BBC15}.Debug|Any CPU.ActiveCfg = Debug|Any CPU
		{16AD96AB-C439-4529-A35F-DD573F9BBC15}.Debug|Any CPU.Build.0 = Debug|Any CPU
		{16AD96AB-C439-4529-A35F-DD573F9BBC15}.Release|Any CPU.ActiveCfg = Release|Any CPU
		{16AD96AB-C439-4529-A35F-DD573F9BBC15}.Release|Any CPU.Build.0 = Release|Any CPU
		{EBE77089-1116-44C2-9071-B00DA3BB62DA}.Debug|Any CPU.ActiveCfg = Debug|Any CPU
		{EBE77089-1116-44C2-9071-B00DA3BB62DA}.Debug|Any CPU.Build.0 = Debug|Any CPU
		{EBE77089-1116-44C2-9071-B00DA3BB62DA}.Release|Any CPU.ActiveCfg = Release|Any CPU
		{EBE77089-1116-44C2-9071-B00DA3BB62DA}.Release|Any CPU.Build.0 = Release|Any CPU
		{F29AE6D1-BBF2-4610-B35E-4F47AFDC2A09}.Debug|Any CPU.ActiveCfg = Debug|Any CPU
		{F29AE6D1-BBF2-4610-B35E-4F47AFDC2A09}.Debug|Any CPU.Build.0 = Debug|Any CPU
		{F29AE6D1-BBF2-4610-B35E-4F47AFDC2A09}.Release|Any CPU.ActiveCfg = Release|Any CPU
		{F29AE6D1-BBF2-4610-B35E-4F47AFDC2A09}.Release|Any CPU.Build.0 = Release|Any CPU
		{722786BE-8A61-45B4-8B03-0116FB3D70DE}.Debug|Any CPU.ActiveCfg = Debug|Any CPU
		{722786BE-8A61-45B4-8B03-0116FB3D70DE}.Debug|Any CPU.Build.0 = Debug|Any CPU
		{722786BE-8A61-45B4-8B03-0116FB3D70DE}.Release|Any CPU.ActiveCfg = Release|Any CPU
		{722786BE-8A61-45B4-8B03-0116FB3D70DE}.Release|Any CPU.Build.0 = Release|Any CPU
		{0D1BCE5E-79FA-4A28-981A-80489C502B0B}.Debug|Any CPU.ActiveCfg = Debug|Any CPU
		{0D1BCE5E-79FA-4A28-981A-80489C502B0B}.Debug|Any CPU.Build.0 = Debug|Any CPU
		{0D1BCE5E-79FA-4A28-981A-80489C502B0B}.Release|Any CPU.ActiveCfg = Release|Any CPU
		{0D1BCE5E-79FA-4A28-981A-80489C502B0B}.Release|Any CPU.Build.0 = Release|Any CPU
		{67168CB4-9469-4862-89B6-E185584684A3}.Debug|Any CPU.ActiveCfg = Debug|Any CPU
		{67168CB4-9469-4862-89B6-E185584684A3}.Debug|Any CPU.Build.0 = Debug|Any CPU
		{67168CB4-9469-4862-89B6-E185584684A3}.Release|Any CPU.ActiveCfg = Release|Any CPU
		{67168CB4-9469-4862-89B6-E185584684A3}.Release|Any CPU.Build.0 = Release|Any CPU
	EndGlobalSection
	GlobalSection(SolutionProperties) = preSolution
		HideSolutionNode = FALSE
	EndGlobalSection
	GlobalSection(ExtensibilityGlobals) = postSolution
		SolutionGuid = {DD71AD83-D2BA-408E-9E7A-5A674ADF923C}
	EndGlobalSection
EndGlobal
